
Microsoft Visual Studio Solution File, Format Version 12.00
# Visual Studio Version 17
VisualStudioVersion = 17.10.34607.79
MinimumVisualStudioVersion = 10.0.40219.1
Project("{9A19103F-16F7-4668-BE54-9A1E7A4F7556}") = "Valleysoft.DockerfileSpy", "Valleysoft.DockerfileSpy\Valleysoft.DockerfileSpy.csproj", "{7BBA8354-4814-48C6-B067-2F337F13D988}"
EndProject
Project("{FAE04EC0-301F-11D3-BF4B-00C04F79EFBC}") = "Valleysoft.DockerfileSpy.Tests", "Valleysoft.DockerfileSpy.Tests\Valleysoft.DockerfileSpy.Tests.csproj", "{DCB175DB-3AB4-40F5-B0B8-A378327365A6}"
EndProject
Global
	GlobalSection(SolutionConfigurationPlatforms) = preSolution
		Debug|Any CPU = Debug|Any CPU
		Release|Any CPU = Release|Any CPU
	EndGlobalSection
	GlobalSection(ProjectConfigurationPlatforms) = postSolution
		{7BBA8354-4814-48C6-B067-2F337F13D988}.Debug|Any CPU.ActiveCfg = Debug|Any CPU
		{7BBA8354-4814-48C6-B067-2F337F13D988}.Debug|Any CPU.Build.0 = Debug|Any CPU
		{7BBA8354-4814-48C6-B067-2F337F13D988}.Release|Any CPU.ActiveCfg = Release|Any CPU
		{7BBA8354-4814-48C6-B067-2F337F13D988}.Release|Any CPU.Build.0 = Release|Any CPU
		{DCB175DB-3AB4-40F5-B0B8-A378327365A6}.Debug|Any CPU.ActiveCfg = Debug|Any CPU
		{DCB175DB-3AB4-40F5-B0B8-A378327365A6}.Debug|Any CPU.Build.0 = Debug|Any CPU
		{DCB175DB-3AB4-40F5-B0B8-A378327365A6}.Release|Any CPU.ActiveCfg = Release|Any CPU
		{DCB175DB-3AB4-40F5-B0B8-A378327365A6}.Release|Any CPU.Build.0 = Release|Any CPU
	EndGlobalSection
	GlobalSection(SolutionProperties) = preSolution
		HideSolutionNode = FALSE
	EndGlobalSection
	GlobalSection(ExtensibilityGlobals) = postSolution
		SolutionGuid = {3986F708-4CD5-4853-B3C9-BD5B070D193E}
	EndGlobalSection
EndGlobal
